
Microsoft Visual Studio Solution File, Format Version 12.00
# Visual Studio Version 17
VisualStudioVersion = 17.14.36301.6 d17.14
MinimumVisualStudioVersion = 10.0.40219.1
Project("{FAE04EC0-301F-11D3-BF4B-00C04F79EFBC}") = "ContratosCet95.Web", "ContratosCet95.Web\ContratosCet95.Web.csproj", "{1335D5A3-76B3-461E-9F4D-D677540AFF49}"
EndProject
Global
	GlobalSection(SolutionConfigurationPlatforms) = preSolution
		Debug|Any CPU = Debug|Any CPU
		Release|Any CPU = Release|Any CPU
	EndGlobalSection
	GlobalSection(ProjectConfigurationPlatforms) = postSolution
		{1335D5A3-76B3-461E-9F4D-D677540AFF49}.Debug|Any CPU.ActiveCfg = Debug|Any CPU
		{1335D5A3-76B3-461E-9F4D-D677540AFF49}.Debug|Any CPU.Build.0 = Debug|Any CPU
		{1335D5A3-76B3-461E-9F4D-D677540AFF49}.Release|Any CPU.ActiveCfg = Release|Any CPU
		{1335D5A3-76B3-461E-9F4D-D677540AFF49}.Release|Any CPU.Build.0 = Release|Any CPU
	EndGlobalSection
	GlobalSection(SolutionProperties) = preSolution
		HideSolutionNode = FALSE
	EndGlobalSection
	GlobalSection(ExtensibilityGlobals) = postSolution
		SolutionGuid = {942D266B-984D-4D09-9C7C-294FA8B6C5DD}
	EndGlobalSection
EndGlobal
